
Microsoft Visual Studio Solution File, Format Version 12.00
# Visual Studio Version 17
VisualStudioVersion = 17.5.33530.505
MinimumVisualStudioVersion = 10.0.40219.1
Project("{FAE04EC0-301F-11D3-BF4B-00C04F79EFBC}") = "MVC_First", "MVC_First\MVC_First.csproj", "{19108841-0017-493B-9023-8400ED62AFF0}"
EndProject
Project("{FAE04EC0-301F-11D3-BF4B-00C04F79EFBC}") = "MVCViews", "MVCViews\MVCViews.csproj", "{6423CFA7-24D5-4A2F-9078-2CDFAB927D71}"
EndProject
Project("{FAE04EC0-301F-11D3-BF4B-00C04F79EFBC}") = "MVCRazor", "MVCRazor\MVCRazor.csproj", "{8416B763-11ED-4442-B0AD-391EB5987865}"
EndProject
Global
	GlobalSection(SolutionConfigurationPlatforms) = preSolution
		Debug|Any CPU = Debug|Any CPU
		Release|Any CPU = Release|Any CPU
	EndGlobalSection
	GlobalSection(ProjectConfigurationPlatforms) = postSolution
		{19108841-0017-493B-9023-8400ED62AFF0}.Debug|Any CPU.ActiveCfg = Debug|Any CPU
		{19108841-0017-493B-9023-8400ED62AFF0}.Debug|Any CPU.Build.0 = Debug|Any CPU
		{19108841-0017-493B-9023-8400ED62AFF0}.Release|Any CPU.ActiveCfg = Release|Any CPU
		{19108841-0017-493B-9023-8400ED62AFF0}.Release|Any CPU.Build.0 = Release|Any CPU
		{6423CFA7-24D5-4A2F-9078-2CDFAB927D71}.Debug|Any CPU.ActiveCfg = Debug|Any CPU
		{6423CFA7-24D5-4A2F-9078-2CDFAB927D71}.Debug|Any CPU.Build.0 = Debug|Any CPU
		{6423CFA7-24D5-4A2F-9078-2CDFAB927D71}.Release|Any CPU.ActiveCfg = Release|Any CPU
		{6423CFA7-24D5-4A2F-9078-2CDFAB927D71}.Release|Any CPU.Build.0 = Release|Any CPU
		{8416B763-11ED-4442-B0AD-391EB5987865}.Debug|Any CPU.ActiveCfg = Debug|Any CPU
		{8416B763-11ED-4442-B0AD-391EB5987865}.Debug|Any CPU.Build.0 = Debug|Any CPU
		{8416B763-11ED-4442-B0AD-391EB5987865}.Release|Any CPU.ActiveCfg = Release|Any CPU
		{8416B763-11ED-4442-B0AD-391EB5987865}.Release|Any CPU.Build.0 = Release|Any CPU
	EndGlobalSection
	GlobalSection(SolutionProperties) = preSolution
		HideSolutionNode = FALSE
	EndGlobalSection
	GlobalSection(ExtensibilityGlobals) = postSolution
		SolutionGuid = {EE658DC7-165C-4705-B33D-FCC16B5EF27F}
	EndGlobalSection
EndGlobal
